lockfileVersion: '9.0'

settings:
  autoInstallPeers: true
  excludeLinksFromLockfile: false

importers:

  .:
    dependencies:
      '@clack/prompts':
        specifier: ^0.9.1
        version: 0.9.1
      colors:
        specifier: ^1.4.0
        version: 1.4.0
      commander:
        specifier: ^13.1.0
        version: 13.1.0
      openai:
        specifier: ^6.44.0
        version: 6.44.0(zod@3.25.76)
      os: {specifier: ^0.1.2, version: 0.1.2}
      xliff:
        specifier: ^6.3.0
        version: 6.3.0
      zod:
        specifier: ^3.25.76
        version: 3.25.76
    devDependencies:
      '@types/node':
        specifier: ^25.9.4
        version: 25.9.4
      typescript:
        specifier: ^6.0.3
        version: 6.0.3

packages:

  '@clack/core@0.4.1':
    resolution: {integrity: sha512-Pxhij4UXg8KSr7rPek6Zowm+5M22rbd2g1nfojHJkxp5YkFqiZ2+YLEM/XGVIzvGOcM0nqjIFxrpDwWRZYWYjA==}

  '@clack/prompts@0.9.1':
    resolution: {integrity: sha512-JIpyaboYZeWYlyP0H+OoPPxd6nqueG/CmN6ixBiNFsIDHREevjIf0n0Ohh5gr5C8pEDknzgvz+pIJ8dMhzWIeg==}

  '@types/node@25.9.4':
    resolution: {integrity: sha512-dszCsrKb5U7ZsVZBWiHFklTloVl0mSEnWH/iZXfZUlI4rzCUnsvGmgqfuVRHL54ugE7/wRuxEIXRa2iMZ+BG6g==}

  colors@1.4.0:
    resolution: {integrity: sha512-a+UqTh4kgZg/SlGvfbzDHpgRu7AAQOmmqRHJnxhRZICKFUT91brVhNNt58CMWU9PsBbv3PDCZUHbVxuDiH2mtA==}
    engines: {node: '>=0.1.90'}

  commander@13.1.0:
    resolution: {integrity: sha512-/rFeCpNJQbhSZjGVwO9RFV3xPqbnERS8MmIQzCtD/zl6gpJuV/bMLuN92oG3F7d8oDEHHRrujSXNUr8fpjntKw==}
    engines: {node: '>=18'}

  openai@6.44.0:
    resolution: {integrity: sha512-09/gH+8jH0RgUwsgWHAaxsKGRT5zVZ95IaJUnqAWj6XejIBmnFRwq2WUIF37VtDEsmGrtPmvCs5+yBSeZGWvkA==}
    peerDependencies:
      ws: ^8.18.0
      zod: ^3.25 || ^4.0
    peerDependenciesMeta:
      ws:
        optional: true
      zod:
        optional: true

  os@0.1.2:
    resolution: {integrity: sha512-ZoXJkvAnljwvc56MbvhtKVWmSkzV712k42Is2mA0+0KTSRakq5XXuXpjZjgAt9ctzl51ojhQWakQQpmOvXWfjQ==}

  picocolors@1.1.1:
    resolution: {integrity: sha512-xceH2snhtb5M9liqDsmEw56le376mTZkEX/jEb/RxNFyegNul7eNslCXP9FDj/Lcu0X8KEyMceP2ntpaHrDEVA==}

  sax@1.4.1:
    resolution: {integrity: sha512-+aWOz7yVScEGoKNd4PA10LZ8sk0A/z5+nXQG5giUO5rprX9jgYsTdov9qCchZiPIZezbZH+jRut8nPodFAX4Jg==}

  sisteransi@1.0.5:
    resolution: {integrity: sha512-bLGGlR1QxBcynn2d5YmDX4MGjlZvy2MRBDRNHLJ8VI6l6+9FUiyTFNJ0IveOSP0bcXgVDPRcfGqA0pjaqUpfVg==}

  typescript@6.0.3:
    resolution: {integrity: sha512-y2TvuxSZPDyQakkFRPZHKFm+KKVqIisdg9/CZwm9ftvKXLP8NRWj38/ODjNbr43SsoXqNuAisEf1GdCxqWcdBw==}
    engines: {node: '>=14.17'}
    hasBin: true

  undici-types@7.24.6:
    resolution: {integrity: sha512-WRNW+sJgj5OBN4/0JpHFqtqzhpbnV0GuB+OozA9gCL7a993SmU+1JBZCzLNxYsbMfIeDL+lTsphD5jN5N+n0zg==}

  xliff@6.3.0:
    resolution: {integrity: sha512-XWZPDkS4QQwzj/4VBFQ6njEJ8ldUn6MwY7WkQPgTLcrgpn1ZMYZIP0XkD2Razb1CHWYQrK4KdKsBSF4hEkF4fg==}

  xml-js@1.6.11:
    resolution: {integrity: sha512-7rVi2KMfwfWFl+GpPg6m80IVMWXLRjO+PxTq7V2CDhoGak0wzYzFgUY2m4XJ47OGdXd8eLE8EmwfAmdjw7lC1g==}
    hasBin: true

  zod@3.25.76:
    resolution: {integrity: sha512-gzUt/qt81nXsFGKIFcC3YnfEAx5NkunCfnDlvuBSSFS02bcXu4Lmea0AFIUwbLWxWPx3d9p8S5QoaujKcNQxcQ==}

snapshots:

  '@clack/core@0.4.1':
    dependencies:
      picocolors: 1.1.1
      sisteransi: 1.0.5

  '@clack/prompts@0.9.1':
    dependencies:
      '@clack/core': 0.4.1
      picocolors: 1.1.1
      sisteransi: 1.0.5

  '@types/node@25.9.4':
    dependencies:
      undici-types: 7.24.6

  colors@1.4.0: {}

  commander@13.1.0: {}

  openai@6.44.0(zod@3.25.76):
    optionalDependencies:
      zod: 3.25.76

  os@0.1.2: {}

  picocolors@1.1.1: {}

  sax@1.4.1: {}

  sisteransi@1.0.5: {}

  typescript@6.0.3: {}

  undici-types@7.24.6: {}

  xliff@6.3.0:
    dependencies:
      xml-js: 1.6.11

  xml-js@1.6.11:
    dependencies:
      sax: 1.4.1

  zod@3.25.76: {}
